
Microsoft Visual Studio Solution File, Format Version 12.00
# Visual Studio 2013
VisualStudioVersion = 12.0.21005.1
MinimumVisualStudioVersion = 10.0.40219.1
Project("{FAE04EC0-301F-11D3-BF4B-00C04F79EFBC}") = "BaseService", "BaseService\BaseService.csproj", "{0B6E1A4A-EFD6-4292-858F-33719D151027}"
EndProject
Project("{FAE04EC0-301F-11D3-BF4B-00C04F79EFBC}") = "BaseServiceTests", "BaseServiceTests\BaseServiceTests.csproj", "{D2108349-E9F6-4979-9EFC-DD91193D87D5}"
EndProject
Project("{FAE04EC0-301F-11D3-BF4B-00C04F79EFBC}") = "SampleService", "SampleService\SampleService.csproj", "{65CA3C6E-DD20-4691-A7BB-FD3265234C33}"
EndProject
Global
	GlobalSection(SolutionConfigurationPlatforms) = preSolution
		Debug|Any CPU = Debug|Any CPU
		Release|Any CPU = Release|Any CPU
	EndGlobalSection
	GlobalSection(ProjectConfigurationPlatforms) = postSolution
		{0B6E1A4A-EFD6-4292-858F-33719D151027}.Debug|Any CPU.ActiveCfg = Debug|Any CPU
		{0B6E1A4A-EFD6-4292-858F-33719D151027}.Debug|Any CPU.Build.0 = Debug|Any CPU
		{0B6E1A4A-EFD6-4292-858F-33719D151027}.Release|Any CPU.ActiveCfg = Release|Any CPU
		{0B6E1A4A-EFD6-4292-858F-33719D151027}.Release|Any CPU.Build.0 = Release|Any CPU
		{D2108349-E9F6-4979-9EFC-DD91193D87D5}.Debug|Any CPU.ActiveCfg = Debug|Any CPU
		{D2108349-E9F6-4979-9EFC-DD91193D87D5}.Debug|Any CPU.Build.0 = Debug|Any CPU
		{D2108349-E9F6-4979-9EFC-DD91193D87D5}.Release|Any CPU.ActiveCfg = Release|Any CPU
		{D2108349-E9F6-4979-9EFC-DD91193D87D5}.Release|Any CPU.Build.0 = Release|Any CPU
		{65CA3C6E-DD20-4691-A7BB-FD3265234C33}.Debug|Any CPU.ActiveCfg = Debug|Any CPU
		{65CA3C6E-DD20-4691-A7BB-FD3265234C33}.Debug|Any CPU.Build.0 = Debug|Any CPU
		{65CA3C6E-DD20-4691-A7BB-FD3265234C33}.Release|Any CPU.ActiveCfg = Release|Any CPU
		{65CA3C6E-DD20-4691-A7BB-FD3265234C33}.Release|Any CPU.Build.0 = Release|Any CPU
	EndGlobalSection
	GlobalSection(SolutionProperties) = preSolution
		HideSolutionNode = FALSE
	EndGlobalSection
EndGlobal
